// !$*UTF8*$!
{
	archiveVersion = 1;
	classes = {
	};
	objectVersion = 51;
	objects = {

/* Begin PBXBuildFile section */
		24D46891FBD5E09CB311EA76 /* libPods-SDArtWorldCloud.a in Frameworks */ = {isa = PBXBuildFile; fileRef = AA31861388981E3BE6EBAD09 /* libPods-SDArtWorldCloud.a */; };
		E50D0CFA2382638900736223 /* Assets.xcassets in Resources */ = {isa = PBXBuildFile; fileRef = E50D0CF92382638900736223 /* Assets.xcassets */; };
		E50D0D002382638900736223 /* main.m in Sources */ = {isa = PBXBuildFile; fileRef = E50D0CFF2382638900736223 /* main.m */; };
		E50D0D4F2382648100736223 /* VACourseDetailController.m in Sources */ = {isa = PBXBuildFile; fileRef = E50D0D282382648100736223 /* VACourseDetailController.m */; };
		E50D0D502382648100736223 /* VACourseController.m in Sources */ = {isa = PBXBuildFile; fileRef = E50D0D292382648100736223 /* VACourseController.m */; };
		E50D0D512382648100736223 /* VACourseCell.m in Sources */ = {isa = PBXBuildFile; fileRef = E50D0D2D2382648100736223 /* VACourseCell.m */; };
		E50D0D522382648100736223 /* VAFocusController.m in Sources */ = {isa = PBXBuildFile; fileRef = E50D0D312382648100736223 /* VAFocusController.m */; };
		E50D0D532382648100736223 /* VAUserInfoController.m in Sources */ = {isa = PBXBuildFile; fileRef = E50D0D322382648100736223 /* VAUserInfoController.m */; };
		E50D0D542382648100736223 /* VAUserFeedBackController.m in Sources */ = {isa = PBXBuildFile; fileRef = E50D0D372382648100736223 /* VAUserFeedBackController.m */; };
		E50D0D552382648100736223 /* VAMyCenterController.m in Sources */ = {isa = PBXBuildFile; fileRef = E50D0D382382648100736223 /* VAMyCenterController.m */; };
		E50D0D562382648100736223 /* VAUserInfoModel.m in Sources */ = {isa = PBXBuildFile; fileRef = E50D0D3B2382648100736223 /* VAUserInfoModel.m */; };
		E50D0D572382648100736223 /* VAUserInfoCell.m in Sources */ = {isa = PBXBuildFile; fileRef = E50D0D3D2382648100736223 /* VAUserInfoCell.m */; };
		E50D0D582382648100736223 /* VAPhotoCollectionViewCell.m in Sources */ = {isa = PBXBuildFile; fileRef = E50D0D422382648100736223 /* VAPhotoCollectionViewCell.m */; };
		E50D0D592382648100736223 /* VAFocusTableCell.m in Sources */ = {isa = PBXBuildFile; fileRef = E50D0D432382648100736223 /* VAFocusTableCell.m */; };
		E50D0D5A2382648100736223 /* VAMyTableHeaderView.m in Sources */ = {isa = PBXBuildFile; fileRef = E50D0D442382648100736223 /* VAMyTableHeaderView.m */; };
		E50D0D5B2382648100736223 /* VAPredicateMethod.m in Sources */ = {isa = PBXBuildFile; fileRef = E50D0D462382648100736223 /* VAPredicateMethod.m */; };
		E50D0D5C2382648100736223 /* VAPlaceholderTextView.m in Sources */ = {isa = PBXBuildFile; fileRef = E50D0D472382648100736223 /* VAPlaceholderTextView.m */; };
		E50D0D5D2382648100736223 /* VALoginController.m in Sources */ = {isa = PBXBuildFile; fileRef = E50D0D4C2382648100736223 /* VALoginController.m */; };
		E50D0DE0238264A200736223 /* LQPickerView.m in Sources */ = {isa = PBXBuildFile; fileRef = E50D0D60238264A200736223 /* LQPickerView.m */; };
		E50D0DE1238264A200736223 /* LQCityPicker.m in Sources */ = {isa = PBXBuildFile; fileRef = E50D0D61238264A200736223 /* LQCityPicker.m */; };
		E50D0DE2238264A200736223 /* Address.plist in Resources */ = {isa = PBXBuildFile; fileRef = E50D0D63238264A200736223 /* Address.plist */; };
		E50D0DE9238264A200736223 /* VASystemDeviceInfo.m in Sources */ = {isa = PBXBuildFile; fileRef = E50D0D76238264A200736223 /* VASystemDeviceInfo.m */; };
		E50D0DEA238264A200736223 /* SystemInfo.m in Sources */ = {isa = PBXBuildFile; fileRef = E50D0D78238264A200736223 /* SystemInfo.m */; };
		E50D0DEB238264A200736223 /* ZFPlayerGestureControl.m in Sources */ = {isa = PBXBuildFile; fileRef = E50D0D7E238264A200736223 /* ZFPlayerGestureControl.m */; };
		E50D0DEC238264A200736223 /* ZFPlayerController.m in Sources */ = {isa = PBXBuildFile; fileRef = E50D0D7F238264A200736223 /* ZFPlayerController.m */; };
		E50D0DED238264A200736223 /* ZFOrientationObserver.m in Sources */ = {isa = PBXBuildFile; fileRef = E50D0D82238264A200736223 /* ZFOrientationObserver.m */; };
		E50D0DEE238264A200736223 /* ZFPlayerLogManager.m in Sources */ = {isa = PBXBuildFile; fileRef = E50D0D84238264A200736223 /* ZFPlayerLogManager.m */; };
		E50D0DEF238264A200736223 /* UIScrollView+ZFPlayer.m in Sources */ = {isa = PBXBuildFile; fileRef = E50D0D87238264A200736223 /* UIScrollView+ZFPlayer.m */; };
		E50D0DF0238264A300736223 /* ZFPlayerNotification.m in Sources */ = {isa = PBXBuildFile; fileRef = E50D0D8A238264A200736223 /* ZFPlayerNotification.m */; };
		E50D0DF1238264A300736223 /* ZFFloatView.m in Sources */ = {isa = PBXBuildFile; fileRef = E50D0D8B238264A200736223 /* ZFFloatView.m */; };
		E50D0DF2238264A300736223 /* ZFPlayerView.m in Sources */ = {isa = PBXBuildFile; fileRef = E50D0D8E238264A200736223 /* ZFPlayerView.m */; };
		E50D0DF3238264A300736223 /* ZFKVOController.m in Sources */ = {isa = PBXBuildFile; fileRef = E50D0D91238264A200736223 /* ZFKVOController.m */; };
		E50D0DF4238264A300736223 /* ZFReachabilityManager.m in Sources */ = {isa = PBXBuildFile; fileRef = E50D0D93238264A200736223 /* ZFReachabilityManager.m */; };
		E50D0DF5238264A300736223 /* UIViewController+ZFPlayerRotation.m in Sources */ = {isa = PBXBuildFile; fileRef = E50D0D94238264A200736223 /* UIViewController+ZFPlayerRotation.m */; };
		E50D0DF6238264A300736223 /* ZFIJKPlayerManager.m in Sources */ = {isa = PBXBuildFile; fileRef = E50D0D97238264A200736223 /* ZFIJKPlayerManager.m */; };
		E50D0DF7238264A300736223 /* ZFAVPlayerManager.m in Sources */ = {isa = PBXBuildFile; fileRef = E50D0D99238264A200736223 /* ZFAVPlayerManager.m */; };
		E50D0DF8238264A300736223 /* ZFUtilities.m in Sources */ = {isa = PBXBuildFile; fileRef = E50D0D9C238264A200736223 /* ZFUtilities.m */; };
		E50D0DF9238264A300736223 /* UIView+ZFFrame.m in Sources */ = {isa = PBXBuildFile; fileRef = E50D0D9D238264A200736223 /* UIView+ZFFrame.m */; };
		E50D0DFA238264A300736223 /* ZFVolumeBrightnessView.m in Sources */ = {isa = PBXBuildFile; fileRef = E50D0DA1238264A200736223 /* ZFVolumeBrightnessView.m */; };
		E50D0DFB238264A300736223 /* ZFLandScapeControlView.m in Sources */ = {isa = PBXBuildFile; fileRef = E50D0DA4238264A200736223 /* ZFLandScapeControlView.m */; };
		E50D0DFC238264A300736223 /* ZFNetworkSpeedMonitor.m in Sources */ = {isa = PBXBuildFile; fileRef = E50D0DA5238264A200736223 /* ZFNetworkSpeedMonitor.m */; };
		E50D0DFD238264A300736223 /* ZFPlayer.bundle in Resources */ = {isa = PBXBuildFile; fileRef = E50D0DA8238264A200736223 /* ZFPlayer.bundle */; };
		E50D0DFE238264A300736223 /* ZFSliderView.m in Sources */ = {isa = PBXBuildFile; fileRef = E50D0DAB238264A200736223 /* ZFSliderView.m */; };
		E50D0DFF238264A300736223 /* ZFPlayerControlView.m in Sources */ = {isa = PBXBuildFile; fileRef = E50D0DAC238264A200736223 /* ZFPlayerControlView.m */; };
		E50D0E00238264A300736223 /* ZFSmallFloatControlView.m in Sources */ = {isa = PBXBuildFile; fileRef = E50D0DAD238264A200736223 /* ZFSmallFloatControlView.m */; };
		E50D0E01238264A300736223 /* ZFLoadingView.m in Sources */ = {isa = PBXBuildFile; fileRef = E50D0DAE238264A200736223 /* ZFLoadingView.m */; };
		E50D0E02238264A300736223 /* ZFSpeedLoadingView.m in Sources */ = {isa = PBXBuildFile; fileRef = E50D0DAF238264A200736223 /* ZFSpeedLoadingView.m */; };
		E50D0E03238264A300736223 /* ZFPortraitControlView.m in Sources */ = {isa = PBXBuildFile; fileRef = E50D0DB1238264A200736223 /* ZFPortraitControlView.m */; };
		E50D0E04238264A300736223 /* UIImageView+ZFCache.m in Sources */ = {isa = PBXBuildFile; fileRef = E50D0DB2238264A200736223 /* UIImageView+ZFCache.m */; };
		E50D0E05238264A300736223 /* KSMediaPlayerManager.m in Sources */ = {isa = PBXBuildFile; fileRef = E50D0DB6238264A200736223 /* KSMediaPlayerManager.m */; };
		E50D0E06238264A300736223 /* LaunchScreen.storyboard in Resources */ = {isa = PBXBuildFile; fileRef = E50D0DBA238264A200736223 /* LaunchScreen.storyboard */; };
		E50D0E08238264A300736223 /* AppDelegate.m in Sources */ = {isa = PBXBuildFile; fileRef = E50D0DBE238264A200736223 /* AppDelegate.m */; };
		E50D0E09238264A300736223 /* iconfont.ttf in Resources */ = {isa = PBXBuildFile; fileRef = E50D0DC0238264A200736223 /* iconfont.ttf */; };
		E50D0E0A238264A300736223 /* VABaseTabBar.m in Sources */ = {isa = PBXBuildFile; fileRef = E50D0DC4238264A200736223 /* VABaseTabBar.m */; };
		E50D0E0B238264A300736223 /* VATabBarController.m in Sources */ = {isa = PBXBuildFile; fileRef = E50D0DC5238264A200736223 /* VATabBarController.m */; };
		E50D0E0C238264A300736223 /* UIWindow+Extensions.m in Sources */ = {isa = PBXBuildFile; fileRef = E50D0DC8238264A200736223 /* UIWindow+Extensions.m */; };
		E50D0E0D238264A300736223 /* UIAlertView+ActionBlocks.m in Sources */ = {isa = PBXBuildFile; fileRef = E50D0DCD238264A200736223 /* UIAlertView+ActionBlocks.m */; };
		E50D0E0E238264A300736223 /* TLUIUtility.m in Sources */ = {isa = PBXBuildFile; fileRef = E50D0DCE238264A200736223 /* TLUIUtility.m */; };
		E50D0E0F238264A300736223 /* LZCleanCaches.m in Sources */ = {isa = PBXBuildFile; fileRef = E50D0DD1238264A200736223 /* LZCleanCaches.m */; };
		E50D0E10238264A300736223 /* YSImageScrollView.m in Sources */ = {isa = PBXBuildFile; fileRef = E50D0DD3238264A200736223 /* YSImageScrollView.m */; };
		E50D0E11238264A300736223 /* VANavViewController.m in Sources */ = {isa = PBXBuildFile; fileRef = E50D0DD7238264A200736223 /* VANavViewController.m */; };
		E50D0E12238264A300736223 /* VABaseViewController.m in Sources */ = {isa = PBXBuildFile; fileRef = E50D0DDE238264A200736223 /* VABaseViewController.m */; };
		E50D0E4523826EBF00736223 /* Main.storyboard in Resources */ = {isa = PBXBuildFile; fileRef = E50D0E4323826EBF00736223 /* Main.storyboard */; };
/* End PBXBuildFile section */

/* Begin PBXContainerItemProxy section */
		E50D0D062382638900736223 /* PBXContainerItemProxy */ = {
			isa = PBXContainerItemProxy;
			containerPortal = E50D0CE22382638700736223 /* Project object */;
			proxyType = 1;
			remoteGlobalIDString = E50D0CE92382638700736223;
			remoteInfo = SDArtWorldCloud;
		};
		E50D0D112382638900736223 /* PBXContainerItemProxy */ = {
			isa = PBXContainerItemProxy;
			containerPortal = E50D0CE22382638700736223 /* Project object */;
			proxyType = 1;
			remoteGlobalIDString = E50D0CE92382638700736223;
			remoteInfo = SDArtWorldCloud;
		};
/* End PBXContainerItemProxy section */

/* Begin PBXFileReference section */
		400072171A39A4B4B407D1CB /* Pods-SDArtWorldCloud.release.xcconfig */ = {isa = PBXFileReference; includeInIndex = 1; lastKnownFileType = text.xcconfig; name = "Pods-SDArtWorldCloud.release.xcconfig"; path = "Target Support Files/Pods-SDArtWorldCloud/Pods-SDArtWorldCloud.release.xcconfig"; sourceTree = "<group>"; };
		501C2C4AB7808B461432EE4B /* Pods-SDArtWorldCloud.debug.xcconfig */ = {isa = PBXFileReference; includeInIndex = 1; lastKnownFileType = text.xcconfig; name = "Pods-SDArtWorldCloud.debug.xcconfig"; path = "Target Support Files/Pods-SDArtWorldCloud/Pods-SDArtWorldCloud.debug.xcconfig"; sourceTree = "<group>"; };
		AA31861388981E3BE6EBAD09 /* libPods-SDArtWorldCloud.a */ = {isa = PBXFileReference; explicitFileType = archive.ar; includeInIndex = 0; path = "libPods-SDArtWorldCloud.a"; sourceTree = BUILT_PRODUCTS_DIR; };
		E50D0CEA2382638700736223 /* SDArtWorldCloud.app */ = {isa = PBXFileReference; explicitFileType = wrapper.application; includeInIndex = 0; path = SDArtWorldCloud.app; sourceTree = BUILT_PRODUCTS_DIR; };
		E50D0CF92382638900736223 /* Assets.xcassets */ = {isa = PBXFileReference; lastKnownFileType = folder.assetcatalog; path = Assets.xcassets; sourceTree = "<group>"; };
		E50D0CFE2382638900736223 /* Info.plist */ = {isa = PBXFileReference; lastKnownFileType = text.plist.xml; path = Info.plist; sourceTree = "<group>"; };
		E50D0CFF2382638900736223 /* main.m */ = {isa = PBXFileReference; lastKnownFileType = sourcecode.c.objc; path = main.m; sourceTree = "<group>"; };
		E50D0D052382638900736223 /* SDArtWorldCloudTests.xctest */ = {isa = PBXFileReference; explicitFileType = wrapper.cfbundle; includeInIndex = 0; path = SDArtWorldCloudTests.xctest; sourceTree = BUILT_PRODUCTS_DIR; };
		E50D0D102382638900736223 /* SDArtWorldCloudUITests.xctest */ = {isa = PBXFileReference; explicitFileType = wrapper.cfbundle; includeInIndex = 0; path = SDArtWorldCloudUITests.xctest; sourceTree = BUILT_PRODUCTS_DIR; };
		E50D0D272382648100736223 /* VACourseController.h */ = {isa = PBXFileReference; fileEncoding = 4; lastKnownFileType = sourcecode.c.h; path = VACourseController.h; sourceTree = "<group>"; };
		E50D0D282382648100736223 /* VACourseDetailController.m */ = {isa = PBXFileReference; fileEncoding = 4; lastKnownFileType = sourcecode.c.objc; path = VACourseDetailController.m; sourceTree = "<group>"; };
		E50D0D292382648100736223 /* VACourseController.m */ = {isa = PBXFileReference; fileEncoding = 4; lastKnownFileType = sourcecode.c.objc; path = VACourseController.m; sourceTree = "<group>"; };
		E50D0D2A2382648100736223 /* VACourseDetailController.h */ = {isa = PBXFileReference; fileEncoding = 4; lastKnownFileType = sourcecode.c.h; path = VACourseDetailController.h; sourceTree = "<group>"; };
		E50D0D2D2382648100736223 /* VACourseCell.m */ = {isa = PBXFileReference; fileEncoding = 4; lastKnownFileType = sourcecode.c.objc; path = VACourseCell.m; sourceTree = "<group>"; };
		E50D0D2E2382648100736223 /* VACourseCell.h */ = {isa = PBXFileReference; fileEncoding = 4; lastKnownFileType = sourcecode.c.h; path = VACourseCell.h; sourceTree = "<group>"; };
		E50D0D312382648100736223 /* VAFocusController.m */ = {isa = PBXFileReference; fileEncoding = 4; lastKnownFileType = sourcecode.c.objc; path = VAFocusController.m; sourceTree = "<group>"; };
		E50D0D322382648100736223 /* VAUserInfoController.m */ = {isa = PBXFileReference; fileEncoding = 4; lastKnownFileType = sourcecode.c.objc; path = VAUserInfoController.m; sourceTree = "<group>"; };
		E50D0D332382648100736223 /* VAMyCenterController.h */ = {isa = PBXFileReference; fileEncoding = 4; lastKnownFileType = sourcecode.c.h; path = VAMyCenterController.h; sourceTree = "<group>"; };
		E50D0D342382648100736223 /* VAUserFeedBackController.h */ = {isa = PBXFileReference; fileEncoding = 4; lastKnownFileType = sourcecode.c.h; path = VAUserFeedBackController.h; sourceTree = "<group>"; };
		E50D0D352382648100736223 /* VAFocusController.h */ = {isa = PBXFileReference; fileEncoding = 4; lastKnownFileType = sourcecode.c.h; path = VAFocusController.h; sourceTree = "<group>"; };
		E50D0D362382648100736223 /* VAUserInfoController.h */ = {isa = PBXFileReference; fileEncoding = 4; lastKnownFileType = sourcecode.c.h; path = VAUserInfoController.h; sourceTree = "<group>"; };
		E50D0D372382648100736223 /* VAUserFeedBackController.m */ = {isa = PBXFileReference; fileEncoding = 4; lastKnownFileType = sourcecode.c.objc; path = VAUserFeedBackController.m; sourceTree = "<group>"; };
		E50D0D382382648100736223 /* VAMyCenterController.m */ = {isa = PBXFileReference; fileEncoding = 4; lastKnownFileType = sourcecode.c.objc; path = VAMyCenterController.m; sourceTree = "<group>"; };
		E50D0D3A2382648100736223 /* VAUserInfoModel.h */ = {isa = PBXFileReference; fileEncoding = 4; lastKnownFileType = sourcecode.c.h; path = VAUserInfoModel.h; sourceTree = "<group>"; };
		E50D0D3B2382648100736223 /* VAUserInfoModel.m */ = {isa = PBXFileReference; fileEncoding = 4; lastKnownFileType = sourcecode.c.objc; path = VAUserInfoModel.m; sourceTree = "<group>"; };
		E50D0D3D2382648100736223 /* VAUserInfoCell.m */ = {isa = PBXFileReference; fileEncoding = 4; lastKnownFileType = sourcecode.c.objc; path = VAUserInfoCell.m; sourceTree = "<group>"; };
		E50D0D3E2382648100736223 /* VAMyTableHeaderView.h */ = {isa = PBXFileReference; fileEncoding = 4; lastKnownFileType = sourcecode.c.h; path = VAMyTableHeaderView.h; sourceTree = "<group>"; };
		E50D0D3F2382648100736223 /* VAFocusTableCell.h */ = {isa = PBXFileReference; fileEncoding = 4; lastKnownFileType = sourcecode.c.h; path = VAFocusTableCell.h; sourceTree = "<group>"; };
		E50D0D402382648100736223 /* VAPlaceholderTextView.h */ = {isa = PBXFileReference; fileEncoding = 4; lastKnownFileType = sourcecode.c.h; path = VAPlaceholderTextView.h; sourceTree = "<group>"; };
		E50D0D412382648100736223 /* VAPredicateMethod.h */ = {isa = PBXFileReference; fileEncoding = 4; lastKnownFileType = sourcecode.c.h; path = VAPredicateMethod.h; sourceTree = "<group>"; };
		E50D0D422382648100736223 /* VAPhotoCollectionViewCell.m */ = {isa = PBXFileReference; fileEncoding = 4; lastKnownFileType = sourcecode.c.objc; path = VAPhotoCollectionViewCell.m; sourceTree = "<group>"; };
		E50D0D432382648100736223 /* VAFocusTableCell.m */ = {isa = PBXFileReference; fileEncoding = 4; lastKnownFileType = sourcecode.c.objc; path = VAFocusTableCell.m; sourceTree = "<group>"; };
		E50D0D442382648100736223 /* VAMyTableHeaderView.m */ = {isa = PBXFileReference; fileEncoding = 4; lastKnownFileType = sourcecode.c.objc; path = VAMyTableHeaderView.m; sourceTree = "<group>"; };
		E50D0D452382648100736223 /* VAUserInfoCell.h */ = {isa = PBXFileReference; fileEncoding = 4; lastKnownFileType = sourcecode.c.h; path = VAUserInfoCell.h; sourceTree = "<group>"; };
		E50D0D462382648100736223 /* VAPredicateMethod.m */ = {isa = PBXFileReference; fileEncoding = 4; lastKnownFileType = sourcecode.c.objc; path = VAPredicateMethod.m; sourceTree = "<group>"; };
		E50D0D472382648100736223 /* VAPlaceholderTextView.m */ = {isa = PBXFileReference; fileEncoding = 4; lastKnownFileType = sourcecode.c.objc; path = VAPlaceholderTextView.m; sourceTree = "<group>"; };
		E50D0D482382648100736223 /* VAPhotoCollectionViewCell.h */ = {isa = PBXFileReference; fileEncoding = 4; lastKnownFileType = sourcecode.c.h; path = VAPhotoCollectionViewCell.h; sourceTree = "<group>"; };
		E50D0D4B2382648100736223 /* VALoginController.h */ = {isa = PBXFileReference; fileEncoding = 4; lastKnownFileType = sourcecode.c.h; path = VALoginController.h; sourceTree = "<group>"; };
		E50D0D4C2382648100736223 /* VALoginController.m */ = {isa = PBXFileReference; fileEncoding = 4; lastKnownFileType = sourcecode.c.objc; path = VALoginController.m; sourceTree = "<group>"; };
		E50D0D60238264A200736223 /* LQPickerView.m */ = {isa = PBXFileReference; fileEncoding = 4; lastKnownFileType = sourcecode.c.objc; path = LQPickerView.m; sourceTree = "<group>"; };
		E50D0D61238264A200736223 /* LQCityPicker.m */ = {isa = PBXFileReference; fileEncoding = 4; lastKnownFileType = sourcecode.c.objc; path = LQCityPicker.m; sourceTree = "<group>"; };
		E50D0D62238264A200736223 /* LQPickerView.h */ = {isa = PBXFileReference; fileEncoding = 4; lastKnownFileType = sourcecode.c.h; path = LQPickerView.h; sourceTree = "<group>"; };
		E50D0D63238264A200736223 /* Address.plist */ = {isa = PBXFileReference; fileEncoding = 4; lastKnownFileType = text.plist.xml; path = Address.plist; sourceTree = "<group>"; };
		E50D0D64238264A200736223 /* LQCityPicker.h */ = {isa = PBXFileReference; fileEncoding = 4; lastKnownFileType = sourcecode.c.h; path = LQCityPicker.h; sourceTree = "<group>"; };
		E50D0D76238264A200736223 /* VASystemDeviceInfo.m */ = {isa = PBXFileReference; fileEncoding = 4; lastKnownFileType = sourcecode.c.objc; path = VASystemDeviceInfo.m; sourceTree = "<group>"; };
		E50D0D77238264A200736223 /* SystemInfo.h */ = {isa = PBXFileReference; fileEncoding = 4; lastKnownFileType = sourcecode.c.h; path = SystemInfo.h; sourceTree = "<group>"; };
		E50D0D78238264A200736223 /* SystemInfo.m */ = {isa = PBXFileReference; fileEncoding = 4; lastKnownFileType = sourcecode.c.objc; path = SystemInfo.m; sourceTree = "<group>"; };
		E50D0D79238264A200736223 /* VASystemDeviceInfo.h */ = {isa = PBXFileReference; fileEncoding = 4; lastKnownFileType = sourcecode.c.h; path = VASystemDeviceInfo.h; sourceTree = "<group>"; };
		E50D0D7D238264A200736223 /* ZFPlayerNotification.h */ = {isa = PBXFileReference; fileEncoding = 4; lastKnownFileType = sourcecode.c.h; path = ZFPlayerNotification.h; sourceTree = "<group>"; };
		E50D0D7E238264A200736223 /* ZFPlayerGestureControl.m */ = {isa = PBXFileReference; fileEncoding = 4; lastKnownFileType = sourcecode.c.objc; path = ZFPlayerGestureControl.m; sourceTree = "<group>"; };
		E50D0D7F238264A200736223 /* ZFPlayerController.m */ = {isa = PBXFileReference; fileEncoding = 4; lastKnownFileType = sourcecode.c.objc; path = ZFPlayerController.m; sourceTree = "<group>"; };
		E50D0D80238264A200736223 /* ZFFloatView.h */ = {isa = PBXFileReference; fileEncoding = 4; lastKnownFileType = sourcecode.c.h; path = ZFFloatView.h; sourceTree = "<group>"; };
		E50D0D81238264A200736223 /* ZFKVOController.h */ = {isa = PBXFileReference; fileEncoding = 4; lastKnownFileType = sourcecode.c.h; path = ZFKVOController.h; sourceTree = "<group>"; };
		E50D0D82238264A200736223 /* ZFOrientationObserver.m */ = {isa = PBXFileReference; fileEncoding = 4; lastKnownFileType = sourcecode.c.objc; path = ZFOrientationObserver.m; sourceTree = "<group>"; };
		E50D0D83238264A200736223 /* ZFPlayerView.h */ = {isa = PBXFileReference; fileEncoding = 4; lastKnownFileType = sourcecode.c.h; path = ZFPlayerView.h; sourceTree = "<group>"; };
		E50D0D84238264A200736223 /* ZFPlayerLogManager.m */ = {isa = PBXFileReference; fileEncoding = 4; lastKnownFileType = sourcecode.c.objc; path = ZFPlayerLogManager.m; sourceTree = "<group>"; };
		E50D0D85238264A200736223 /* ZFPlayerMediaPlayback.h */ = {isa = PBXFileReference; fileEncoding = 4; lastKnownFileType = sourcecode.c.h; path = ZFPlayerMediaPlayback.h; sourceTree = "<group>"; };
		E50D0D86238264A200736223 /* ZFReachabilityManager.h */ = {isa = PBXFileReference; fileEncoding = 4; lastKnownFileType = sourcecode.c.h; path = ZFReachabilityManager.h; sourceTree = "<group>"; };
		E50D0D87238264A200736223 /* UIScrollView+ZFPlayer.m */ = {isa = PBXFileReference; fileEncoding = 4; lastKnownFileType = sourcecode.c.objc; path = "UIScrollView+ZFPlayer.m"; sourceTree = "<group>"; };
		E50D0D88238264A200736223 /* ZFPlayer.h */ = {isa = PBXFileReference; fileEncoding = 4; lastKnownFileType = sourcecode.c.h; path = ZFPlayer.h; sourceTree = "<group>"; };
		E50D0D89238264A200736223 /* ZFPlayerGestureControl.h */ = {isa = PBXFileReference; fileEncoding = 4; lastKnownFileType = sourcecode.c.h; path = ZFPlayerGestureControl.h; sourceTree = "<group>"; };
		E50D0D8A238264A200736223 /* ZFPlayerNotification.m */ = {isa = PBXFileReference; fileEncoding = 4; lastKnownFileType = sourcecode.c.objc; path = ZFPlayerNotification.m; sourceTree = "<group>"; };
		E50D0D8B238264A200736223 /* ZFFloatView.m */ = {isa = PBXFileReference; fileEncoding = 4; lastKnownFileType = sourcecode.c.objc; path = ZFFloatView.m; sourceTree = "<group>"; };
		E50D0D8C238264A200736223 /* ZFPlayerMediaControl.h */ = {isa = PBXFileReference; fileEncoding = 4; lastKnownFileType = sourcecode.c.h; path = ZFPlayerMediaControl.h; sourceTree = "<group>"; };
		E50D0D8D238264A200736223 /* ZFPlayerController.h */ = {isa = PBXFileReference; fileEncoding = 4; lastKnownFileType = sourcecode.c.h; path = ZFPlayerController.h; sourceTree = "<group>"; };
		E50D0D8E238264A200736223 /* ZFPlayerView.m */ = {isa = PBXFileReference; fileEncoding = 4; lastKnownFileType = sourcecode.c.objc; path = ZFPlayerView.m; sourceTree = "<group>"; };
		E50D0D8F238264A200736223 /* ZFPlayerLogManager.h */ = {isa = PBXFileReference; fileEncoding = 4; lastKnownFileType = sourcecode.c.h; path = ZFPlayerLogManager.h; sourceTree = "<group>"; };
		E50D0D90238264A200736223 /* ZFOrientationObserver.h */ = {isa = PBXFileReference; fileEncoding = 4; lastKnownFileType = sourcecode.c.h; path = ZFOrientationObserver.h; sourceTree = "<group>"; };
		E50D0D91238264A200736223 /* ZFKVOController.m */ = {isa = PBXFileReference; fileEncoding = 4; lastKnownFileType = sourcecode.c.objc; path = ZFKVOController.m; sourceTree = "<group>"; };
		E50D0D92238264A200736223 /* UIScrollView+ZFPlayer.h */ = {isa = PBXFileReference; fileEncoding = 4; lastKnownFileType = sourcecode.c.h; path = "UIScrollView+ZFPlayer.h"; sourceTree = "<group>"; };
		E50D0D93238264A200736223 /* ZFReachabilityManager.m */ = {isa = PBXFileReference; fileEncoding = 4; lastKnownFileType = sourcecode.c.objc; path = ZFReachabilityManager.m; sourceTree = "<group>"; };
		E50D0D94238264A200736223 /* UIViewController+ZFPlayerRotation.m */ = {isa = PBXFileReference; fileEncoding = 4; lastKnownFileType = sourcecode.c.objc; path = "UIViewController+ZFPlayerRotation.m"; sourceTree = "<group>"; };
		E50D0D96238264A200736223 /* ZFIJKPlayerManager.h */ = {isa = PBXFileReference; fileEncoding = 4; lastKnownFileType = sourcecode.c.h; path = ZFIJKPlayerManager.h; sourceTree = "<group>"; };
		E50D0D97238264A200736223 /* ZFIJKPlayerManager.m */ = {isa = PBXFileReference; fileEncoding = 4; lastKnownFileType = sourcecode.c.objc; path = ZFIJKPlayerManager.m; sourceTree = "<group>"; };
		E50D0D99238264A200736223 /* ZFAVPlayerManager.m */ = {isa = PBXFileReference; fileEncoding = 4; lastKnownFileType = sourcecode.c.objc; path = ZFAVPlayerManager.m; sourceTree = "<group>"; };
		E50D0D9A238264A200736223 /* ZFAVPlayerManager.h */ = {isa = PBXFileReference; fileEncoding = 4; lastKnownFileType = sourcecode.c.h; path = ZFAVPlayerManager.h; sourceTree = "<group>"; };
		E50D0D9C238264A200736223 /* ZFUtilities.m */ = {isa = PBXFileReference; fileEncoding = 4; lastKnownFileType = sourcecode.c.objc; path = ZFUtilities.m; sourceTree = "<group>"; };
		E50D0D9D238264A200736223 /* UIView+ZFFrame.m */ = {isa = PBXFileReference; fileEncoding = 4; lastKnownFileType = sourcecode.c.objc; path = "UIView+ZFFrame.m"; sourceTree = "<group>"; };
		E50D0D9E238264A200736223 /* ZFSmallFloatControlView.h */ = {isa = PBXFileReference; fileEncoding = 4; lastKnownFileType = sourcecode.c.h; path = ZFSmallFloatControlView.h; sourceTree = "<group>"; };
		E50D0D9F238264A200736223 /* ZFPlayerControlView.h */ = {isa = PBXFileReference; fileEncoding = 4; lastKnownFileType = sourcecode.c.h; path = ZFPlayerControlView.h; sourceTree = "<group>"; };
		E50D0DA0238264A200736223 /* ZFSliderView.h */ = {isa = PBXFileReference; fileEncoding = 4; lastKnownFileType = sourcecode.c.h; path = ZFSliderView.h; sourceTree = "<group>"; };
		E50D0DA1238264A200736223 /* ZFVolumeBrightnessView.m */ = {isa = PBXFileReference; fileEncoding = 4; lastKnownFileType = sourcecode.c.objc; path = ZFVolumeBrightnessView.m; sourceTree = "<group>"; };
		E50D0DA2238264A200736223 /* ZFSpeedLoadingView.h */ = {isa = PBXFileReference; fileEncoding = 4; lastKnownFileType = sourcecode.c.h; path = ZFSpeedLoadingView.h; sourceTree = "<group>"; };
		E50D0DA3238264A200736223 /* ZFLoadingView.h */ = {isa = PBXFileReference; fileEncoding = 4; lastKnownFileType = sourcecode.c.h; path = ZFLoadingView.h; sourceTree = "<group>"; };
		E50D0DA4238264A200736223 /* ZFLandScapeControlView.m */ = {isa = PBXFileReference; fileEncoding = 4; lastKnownFileType = sourcecode.c.objc; path = ZFLandScapeControlView.m; sourceTree = "<group>"; };
		E50D0DA5238264A200736223 /* ZFNetworkSpeedMonitor.m */ = {isa = PBXFileReference; fileEncoding = 4; lastKnownFileType = sourcecode.c.objc; path = ZFNetworkSpeedMonitor.m; sourceTree = "<group>"; };
		E50D0DA6238264A200736223 /* UIImageView+ZFCache.h */ = {isa = PBXFileReference; fileEncoding = 4; lastKnownFileType = sourcecode.c.h; path = "UIImageView+ZFCache.h"; sourceTree = "<group>"; };
		E50D0DA7238264A200736223 /* ZFPortraitControlView.h */ = {isa = PBXFileReference; fileEncoding = 4; lastKnownFileType = sourcecode.c.h; path = ZFPortraitControlView.h; sourceTree = "<group>"; };
		E50D0DA8238264A200736223 /* ZFPlayer.bundle */ = {isa = PBXFileReference; lastKnownFileType = "wrapper.plug-in"; path = ZFPlayer.bundle; sourceTree = "<group>"; };
		E50D0DA9238264A200736223 /* UIView+ZFFrame.h */ = {isa = PBXFileReference; fileEncoding = 4; lastKnownFileType = sourcecode.c.h; path = "UIView+ZFFrame.h"; sourceTree = "<group>"; };
		E50D0DAA238264A200736223 /* ZFUtilities.h */ = {isa = PBXFileReference; fileEncoding = 4; lastKnownFileType = sourcecode.c.h; path = ZFUtilities.h; sourceTree = "<group>"; };
		E50D0DAB238264A200736223 /* ZFSliderView.m */ = {isa = PBXFileReference; fileEncoding = 4; lastKnownFileType = sourcecode.c.objc; path = ZFSliderView.m; sourceTree = "<group>"; };
		E50D0DAC238264A200736223 /* ZFPlayerControlView.m */ = {isa = PBXFileReference; fileEncoding = 4; lastKnownFileType = sourcecode.c.objc; path = ZFPlayerControlView.m; sourceTree = "<group>"; };
		E50D0DAD238264A200736223 /* ZFSmallFloatControlView.m */ = {isa = PBXFileReference; fileEncoding = 4; lastKnownFileType = sourcecode.c.objc; path = ZFSmallFloatControlView.m; sourceTree = "<group>"; };
		E50D0DAE238264A200736223 /* ZFLoadingView.m */ = {isa = PBXFileReference; fileEncoding = 4; lastKnownFileType = sourcecode.c.objc; path = ZFLoadingView.m; sourceTree = "<group>"; };
		E50D0DAF238264A200736223 /* ZFSpeedLoadingView.m */ = {isa = PBXFileReference; fileEncoding = 4; lastKnownFileType = sourcecode.c.objc; path = ZFSpeedLoadingView.m; sourceTree = "<group>"; };
		E50D0DB0238264A200736223 /* ZFVolumeBrightnessView.h */ = {isa = PBXFileReference; fileEncoding = 4; lastKnownFileType = sourcecode.c.h; path = ZFVolumeBrightnessView.h; sourceTree = "<group>"; };
		E50D0DB1238264A200736223 /* ZFPortraitControlView.m */ = {isa = PBXFileReference; fileEncoding = 4; lastKnownFileType = sourcecode.c.objc; path = ZFPortraitControlView.m; sourceTree = "<group>"; };
		E50D0DB2238264A200736223 /* UIImageView+ZFCache.m */ = {isa = PBXFileReference; fileEncoding = 4; lastKnownFileType = sourcecode.c.objc; path = "UIImageView+ZFCache.m"; sourceTree = "<group>"; };
		E50D0DB3238264A200736223 /* ZFNetworkSpeedMonitor.h */ = {isa = PBXFileReference; fileEncoding = 4; lastKnownFileType = sourcecode.c.h; path = ZFNetworkSpeedMonitor.h; sourceTree = "<group>"; };
		E50D0DB4238264A200736223 /* ZFLandScapeControlView.h */ = {isa = PBXFileReference; fileEncoding = 4; lastKnownFileType = sourcecode.c.h; path = ZFLandScapeControlView.h; sourceTree = "<group>"; };
		E50D0DB6238264A200736223 /* KSMediaPlayerManager.m */ = {isa = PBXFileReference; fileEncoding = 4; lastKnownFileType = sourcecode.c.objc; path = KSMediaPlayerManager.m; sourceTree = "<group>"; };
		E50D0DB7238264A200736223 /* KSMediaPlayerManager.h */ = {isa = PBXFileReference; fileEncoding = 4; lastKnownFileType = sourcecode.c.h; path = KSMediaPlayerManager.h; sourceTree = "<group>"; };
		E50D0DB9238264A200736223 /* AppDelegate.h */ = {isa = PBXFileReference; fileEncoding = 4; lastKnownFileType = sourcecode.c.h; path = AppDelegate.h; sourceTree = "<group>"; };
		E50D0DBB238264A200736223 /* Base */ = {isa = PBXFileReference; lastKnownFileType = file.storyboard; name = Base; path = Base.lproj/LaunchScreen.storyboard; sourceTree = "<group>"; };
		E50D0DBE238264A200736223 /* AppDelegate.m */ = {isa = PBXFileReference; fileEncoding = 4; lastKnownFileType = sourcecode.c.objc; path = AppDelegate.m; sourceTree = "<group>"; };
		E50D0DC0238264A200736223 /* iconfont.ttf */ = {isa = PBXFileReference; lastKnownFileType = file; path = iconfont.ttf; sourceTree = "<group>"; };
		E50D0DC2238264A200736223 /* VATabBarController.h */ = {isa = PBXFileReference; fileEncoding = 4; lastKnownFileType = sourcecode.c.h; path = VATabBarController.h; sourceTree = "<group>"; };
		E50D0DC3238264A200736223 /* VABaseTabBar.h */ = {isa = PBXFileReference; fileEncoding = 4; lastKnownFileType = sourcecode.c.h; path = VABaseTabBar.h; sourceTree = "<group>"; };
		E50D0DC4238264A200736223 /* VABaseTabBar.m */ = {isa = PBXFileReference; fileEncoding = 4; lastKnownFileType = sourcecode.c.objc; path = VABaseTabBar.m; sourceTree = "<group>"; };
		E50D0DC5238264A200736223 /* VATabBarController.m */ = {isa = PBXFileReference; fileEncoding = 4; lastKnownFileType = sourcecode.c.objc; path = VATabBarController.m; sourceTree = "<group>"; };
		E50D0DC8238264A200736223 /* UIWindow+Extensions.m */ = {isa = PBXFileReference; fileEncoding = 4; lastKnownFileType = sourcecode.c.objc; path = "UIWindow+Extensions.m"; sourceTree = "<group>"; };
		E50D0DC9238264A200736223 /* UIWindow+Extensions.h */ = {isa = PBXFileReference; fileEncoding = 4; lastKnownFileType = sourcecode.c.h; path = "UIWindow+Extensions.h"; sourceTree = "<group>"; };
		E50D0DCA238264A200736223 /* TLUIUtility.h */ = {isa = PBXFileReference; fileEncoding = 4; lastKnownFileType = sourcecode.c.h; path = TLUIUtility.h; sourceTree = "<group>"; };
		E50D0DCC238264A200736223 /* UIAlertView+ActionBlocks.h */ = {isa = PBXFileReference; fileEncoding = 4; lastKnownFileType = sourcecode.c.h; path = "UIAlertView+ActionBlocks.h"; sourceTree = "<group>"; };
		E50D0DCD238264A200736223 /* UIAlertView+ActionBlocks.m */ = {isa = PBXFileReference; fileEncoding = 4; lastKnownFileType = sourcecode.c.objc; path = "UIAlertView+ActionBlocks.m"; sourceTree = "<group>"; };
		E50D0DCE238264A200736223 /* TLUIUtility.m */ = {isa = PBXFileReference; fileEncoding = 4; lastKnownFileType = sourcecode.c.objc; path = TLUIUtility.m; sourceTree = "<group>"; };
		E50D0DD0238264A200736223 /* LZCleanCaches.h */ = {isa = PBXFileReference; fileEncoding = 4; lastKnownFileType = sourcecode.c.h; path = LZCleanCaches.h; sourceTree = "<group>"; };
		E50D0DD1238264A200736223 /* LZCleanCaches.m */ = {isa = PBXFileReference; fileEncoding = 4; lastKnownFileType = sourcecode.c.objc; path = LZCleanCaches.m; sourceTree = "<group>"; };
		E50D0DD3238264A200736223 /* YSImageScrollView.m */ = {isa = PBXFileReference; fileEncoding = 4; lastKnownFileType = sourcecode.c.objc; path = YSImageScrollView.m; sourceTree = "<group>"; };
		E50D0DD4238264A200736223 /* YSImageScrollView.h */ = {isa = PBXFileReference; fileEncoding = 4; lastKnownFileType = sourcecode.c.h; path = YSImageScrollView.h; sourceTree = "<group>"; };
		E50D0DD6238264A200736223 /* VANavViewController.h */ = {isa = PBXFileReference; fileEncoding = 4; lastKnownFileType = sourcecode.c.h; path = VANavViewController.h; sourceTree = "<group>"; };
		E50D0DD7238264A200736223 /* VANavViewController.m */ = {isa = PBXFileReference; fileEncoding = 4; lastKnownFileType = sourcecode.c.objc; path = VANavViewController.m; sourceTree = "<group>"; };
		E50D0DD9238264A200736223 /* VAIconFont.h */ = {isa = PBXFileReference; fileEncoding = 4; lastKnownFileType = sourcecode.c.h; path = VAIconFont.h; sourceTree = "<group>"; };
		E50D0DDA238264A200736223 /* VAPrefixHeader.pch */ = {isa = PBXFileReference; fileEncoding = 4; lastKnownFileType = sourcecode.c.h; path = VAPrefixHeader.pch; sourceTree = "<group>"; };
		E50D0DDB238264A200736223 /* VAKeyWordDefine.h */ = {isa = PBXFileReference; fileEncoding = 4; lastKnownFileType = sourcecode.c.h; path = VAKeyWordDefine.h; sourceTree = "<group>"; };
		E50D0DDC238264A200736223 /* VATextColorAndFont.h */ = {isa = PBXFileReference; fileEncoding = 4; lastKnownFileType = sourcecode.c.h; path = VATextColorAndFont.h; sourceTree = "<group>"; };
		E50D0DDE238264A200736223 /* VABaseViewController.m */ = {isa = PBXFileReference; fileEncoding = 4; lastKnownFileType = sourcecode.c.objc; path = VABaseViewController.m; sourceTree = "<group>"; };
		E50D0DDF238264A200736223 /* VABaseViewController.h */ = {isa = PBXFileReference; fileEncoding = 4; lastKnownFileType = sourcecode.c.h; path = VABaseViewController.h; sourceTree = "<group>"; };
		E50D0E4423826EBF00736223 /* Base */ = {isa = PBXFileReference; lastKnownFileType = file.storyboard; name = Base; path = Base.lproj/Main.storyboard; sourceTree = "<group>"; };
/* End PBXFileReference section */

/* Begin PBXFrameworksBuildPhase section */
		E50D0CE72382638700736223 /* Frameworks */ = {
			isa = PBXFrameworksBuildPhase;
			buildActionMask = 2147483647;
			files = (
				24D46891FBD5E09CB311EA76 /* libPods-SDArtWorldCloud.a in Frameworks */,
			);
			runOnlyForDeploymentPostprocessing = 0;
		};
		E50D0D022382638900736223 /* Frameworks */ = {
			isa = PBXFrameworksBuildPhase;
			buildActionMask = 2147483647;
			files = (
			);
			runOnlyForDeploymentPostprocessing = 0;
		};
		E50D0D0D2382638900736223 /* Frameworks */ = {
			isa = PBXFrameworksBuildPhase;
			buildActionMask = 2147483647;
			files = (
			);
			runOnlyForDeploymentPostprocessing = 0;
		};
/* End PBXFrameworksBuildPhase section */

/* Begin PBXGroup section */
		6A46B71BC53C072E68A153C4 /* Pods */ = {
			isa = PBXGroup;
			children = (
				501C2C4AB7808B461432EE4B /* Pods-SDArtWorldCloud.debug.xcconfig */,
				400072171A39A4B4B407D1CB /* Pods-SDArtWorldCloud.release.xcconfig */,
			);
			path = Pods;
			sourceTree = "<group>";
		};
		E50D0CE12382638700736223 = {
			isa = PBXGroup;
			children = (
				E50D0CEC2382638700736223 /* SDArtWorldCloud */,
				E50D0CEB2382638700736223 /* Products */,
				6A46B71BC53C072E68A153C4 /* Pods */,
				ED27DCD0B9BB611EC5BBB0E0 /* Frameworks */,
			);
			sourceTree = "<group>";
		};
		E50D0CEB2382638700736223 /* Products */ = {
			isa = PBXGroup;
			children = (
				E50D0CEA2382638700736223 /* SDArtWorldCloud.app */,
				E50D0D052382638900736223 /* SDArtWorldCloudTests.xctest */,
				E50D0D102382638900736223 /* SDArtWorldCloudUITests.xctest */,
			);
			name = Products;
			sourceTree = "<group>";
		};
		E50D0CEC2382638700736223 /* SDArtWorldCloud */ = {
			isa = PBXGroup;
			children = (
				E50D0D242382648100736223 /* Class */,
				E50D0D5E238264A200736223 /* Others */,
				E50D0CF92382638900736223 /* Assets.xcassets */,
				E50D0CFE2382638900736223 /* Info.plist */,
				E50D0CFF2382638900736223 /* main.m */,
			);
			path = SDArtWorldCloud;
			sourceTree = "<group>";
		};
		E50D0D242382648100736223 /* Class */ = {
			isa = PBXGroup;
			children = (
				E50D0D252382648100736223 /* Course */,
				E50D0D2F2382648100736223 /* MyCenter */,
				E50D0D492382648100736223 /* Login */,
			);
			name = Class;
			path = ../../../Class;
			sourceTree = "<group>";
		};
		E50D0D252382648100736223 /* Course */ = {
			isa = PBXGroup;
			children = (
				E50D0D262382648100736223 /* Controller */,
				E50D0D2B2382648100736223 /* Model */,
				E50D0D2C2382648100736223 /* View */,
			);
			path = Course;
			sourceTree = "<group>";
		};
		E50D0D262382648100736223 /* Controller */ = {
			isa = PBXGroup;
			children = (
				E50D0D272382648100736223 /* VACourseController.h */,
				E50D0D282382648100736223 /* VACourseDetailController.m */,
				E50D0D292382648100736223 /* VACourseController.m */,
				E50D0D2A2382648100736223 /* VACourseDetailController.h */,
			);
			path = Controller;
			sourceTree = "<group>";
		};
		E50D0D2B2382648100736223 /* Model */ = {
			isa = PBXGroup;
			children = (
			);
			path = Model;
			sourceTree = "<group>";
		};
		E50D0D2C2382648100736223 /* View */ = {
			isa = PBXGroup;
			children = (
				E50D0D2D2382648100736223 /* VACourseCell.m */,
				E50D0D2E2382648100736223 /* VACourseCell.h */,
			);
			path = View;
			sourceTree = "<group>";
		};
		E50D0D2F2382648100736223 /* MyCenter */ = {
			isa = PBXGroup;
			children = (
				E50D0D302382648100736223 /* Controller */,
				E50D0D392382648100736223 /* Model */,
				E50D0D3C2382648100736223 /* View */,
			);
			path = MyCenter;
			sourceTree = "<group>";
		};
		E50D0D302382648100736223 /* Controller */ = {
			isa = PBXGroup;
			children = (
				E50D0D312382648100736223 /* VAFocusController.m */,
				E50D0D322382648100736223 /* VAUserInfoController.m */,
				E50D0D332382648100736223 /* VAMyCenterController.h */,
				E50D0D342382648100736223 /* VAUserFeedBackController.h */,
				E50D0D352382648100736223 /* VAFocusController.h */,
				E50D0D362382648100736223 /* VAUserInfoController.h */,
				E50D0D372382648100736223 /* VAUserFeedBackController.m */,
				E50D0D382382648100736223 /* VAMyCenterController.m */,
			);
			path = Controller;
			sourceTree = "<group>";
		};
		E50D0D392382648100736223 /* Model */ = {
			isa = PBXGroup;
			children = (
				E50D0D3A2382648100736223 /* VAUserInfoModel.h */,
				E50D0D3B2382648100736223 /* VAUserInfoModel.m */,
			);
			path = Model;
			sourceTree = "<group>";
		};
		E50D0D3C2382648100736223 /* View */ = {
			isa = PBXGroup;
			children = (
				E50D0D3D2382648100736223 /* VAUserInfoCell.m */,
				E50D0D3E2382648100736223 /* VAMyTableHeaderView.h */,
				E50D0D3F2382648100736223 /* VAFocusTableCell.h */,
				E50D0D402382648100736223 /* VAPlaceholderTextView.h */,
				E50D0D412382648100736223 /* VAPredicateMethod.h */,
				E50D0D422382648100736223 /* VAPhotoCollectionViewCell.m */,
				E50D0D432382648100736223 /* VAFocusTableCell.m */,
				E50D0D442382648100736223 /* VAMyTableHeaderView.m */,
				E50D0D452382648100736223 /* VAUserInfoCell.h */,
				E50D0D462382648100736223 /* VAPredicateMethod.m */,
				E50D0D472382648100736223 /* VAPlaceholderTextView.m */,
				E50D0D482382648100736223 /* VAPhotoCollectionViewCell.h */,
			);
			path = View;
			sourceTree = "<group>";
		};
		E50D0D492382648100736223 /* Login */ = {
			isa = PBXGroup;
			children = (
				E50D0D4A2382648100736223 /* Controller */,
				E50D0D4D2382648100736223 /* Model */,
				E50D0D4E2382648100736223 /* View */,
			);
			path = Login;
			sourceTree = "<group>";
		};
		E50D0D4A2382648100736223 /* Controller */ = {
			isa = PBXGroup;
			children = (
				E50D0D4B2382648100736223 /* VALoginController.h */,
				E50D0D4C2382648100736223 /* VALoginController.m */,
			);
			path = Controller;
			sourceTree = "<group>";
		};
		E50D0D4D2382648100736223 /* Model */ = {
			isa = PBXGroup;
			children = (
			);
			path = Model;
			sourceTree = "<group>";
		};
		E50D0D4E2382648100736223 /* View */ = {
			isa = PBXGroup;
			children = (
			);
			path = View;
			sourceTree = "<group>";
		};
		E50D0D5E238264A200736223 /* Others */ = {
			isa = PBXGroup;
			children = (
				E50D0D5F238264A200736223 /* AddressPickView */,
				E50D0D75238264A200736223 /* Network */,
				E50D0D7A238264A200736223 /* ZFPlayer */,
				E50D0DB8238264A200736223 /* Other */,
				E50D0DBF238264A200736223 /* TextFont */,
				E50D0DC1238264A200736223 /* TabBar */,
				E50D0DC6238264A200736223 /* TLUIUtility */,
				E50D0DCF238264A200736223 /* ClearCache */,
				E50D0DD2238264A200736223 /* ImageScrollView */,
				E50D0DD5238264A200736223 /* Nav */,
				E50D0DD8238264A200736223 /* KeyWord */,
				E50D0DDD238264A200736223 /* Base */,
			);
			name = Others;
			path = "../../../燃课/VagaryArtWorldProject/VagaryArtWorldProject/Others";
			sourceTree = "<group>";
		};
		E50D0D5F238264A200736223 /* AddressPickView */ = {
			isa = PBXGroup;
			children = (
				E50D0D60238264A200736223 /* LQPickerView.m */,
				E50D0D61238264A200736223 /* LQCityPicker.m */,
				E50D0D62238264A200736223 /* LQPickerView.h */,
				E50D0D63238264A200736223 /* Address.plist */,
				E50D0D64238264A200736223 /* LQCityPicker.h */,
			);
			path = AddressPickView;
			sourceTree = "<group>";
		};
		E50D0D75238264A200736223 /* Network */ = {
			isa = PBXGroup;
			children = (
				E50D0D76238264A200736223 /* VASystemDeviceInfo.m */,
				E50D0D77238264A200736223 /* SystemInfo.h */,
				E50D0D78238264A200736223 /* SystemInfo.m */,
				E50D0D79238264A200736223 /* VASystemDeviceInfo.h */,
			);
			path = Network;
			sourceTree = "<group>";
		};
		E50D0D7A238264A200736223 /* ZFPlayer */ = {
			isa = PBXGroup;
			children = (
				E50D0D7B238264A200736223 /* Classes */,
			);
			path = ZFPlayer;
			sourceTree = "<group>";
		};
		E50D0D7B238264A200736223 /* Classes */ = {
			isa = PBXGroup;
			children = (
				E50D0D7C238264A200736223 /* Core */,
				E50D0D95238264A200736223 /* ijkplayer */,
				E50D0D98238264A200736223 /* AVPlayer */,
				E50D0D9B238264A200736223 /* ControlView */,
				E50D0DB5238264A200736223 /* KSYMediaPlayer */,
			);
			path = Classes;
			sourceTree = "<group>";
		};
		E50D0D7C238264A200736223 /* Core */ = {
			isa = PBXGroup;
			children = (
				E50D0D7D238264A200736223 /* ZFPlayerNotification.h */,
				E50D0D7E238264A200736223 /* ZFPlayerGestureControl.m */,
				E50D0D7F238264A200736223 /* ZFPlayerController.m */,
				E50D0D80238264A200736223 /* ZFFloatView.h */,
				E50D0D81238264A200736223 /* ZFKVOController.h */,
				E50D0D82238264A200736223 /* ZFOrientationObserver.m */,
				E50D0D83238264A200736223 /* ZFPlayerView.h */,
				E50D0D84238264A200736223 /* ZFPlayerLogManager.m */,
				E50D0D85238264A200736223 /* ZFPlayerMediaPlayback.h */,
				E50D0D86238264A200736223 /* ZFReachabilityManager.h */,
				E50D0D87238264A200736223 /* UIScrollView+ZFPlayer.m */,
				E50D0D88238264A200736223 /* ZFPlayer.h */,
				E50D0D89238264A200736223 /* ZFPlayerGestureControl.h */,
				E50D0D8A238264A200736223 /* ZFPlayerNotification.m */,
				E50D0D8B238264A200736223 /* ZFFloatView.m */,
				E50D0D8C238264A200736223 /* ZFPlayerMediaControl.h */,
				E50D0D8D238264A200736223 /* ZFPlayerController.h */,
				E50D0D8E238264A200736223 /* ZFPlayerView.m */,
				E50D0D8F238264A200736223 /* ZFPlayerLogManager.h */,
				E50D0D90238264A200736223 /* ZFOrientationObserver.h */,
				E50D0D91238264A200736223 /* ZFKVOController.m */,
				E50D0D92238264A200736223 /* UIScrollView+ZFPlayer.h */,
				E50D0D93238264A200736223 /* ZFReachabilityManager.m */,
				E50D0D94238264A200736223 /* UIViewController+ZFPlayerRotation.m */,
			);
			path = Core;
			sourceTree = "<group>";
		};
		E50D0D95238264A200736223 /* ijkplayer */ = {
			isa = PBXGroup;
			children = (
				E50D0D96238264A200736223 /* ZFIJKPlayerManager.h */,
				E50D0D97238264A200736223 /* ZFIJKPlayerManager.m */,
			);
			path = ijkplayer;
			sourceTree = "<group>";
		};
		E50D0D98238264A200736223 /* AVPlayer */ = {
			isa = PBXGroup;
			children = (
				E50D0D99238264A200736223 /* ZFAVPlayerManager.m */,
				E50D0D9A238264A200736223 /* ZFAVPlayerManager.h */,
			);
			path = AVPlayer;
			sourceTree = "<group>";
		};
		E50D0D9B238264A200736223 /* ControlView */ = {
			isa = PBXGroup;
			children = (
				E50D0D9C238264A200736223 /* ZFUtilities.m */,
				E50D0D9D238264A200736223 /* UIView+ZFFrame.m */,
				E50D0D9E238264A200736223 /* ZFSmallFloatControlView.h */,
				E50D0D9F238264A200736223 /* ZFPlayerControlView.h */,
				E50D0DA0238264A200736223 /* ZFSliderView.h */,
				E50D0DA1238264A200736223 /* ZFVolumeBrightnessView.m */,
				E50D0DA2238264A200736223 /* ZFSpeedLoadingView.h */,
				E50D0DA3238264A200736223 /* ZFLoadingView.h */,
				E50D0DA4238264A200736223 /* ZFLandScapeControlView.m */,
				E50D0DA5238264A200736223 /* ZFNetworkSpeedMonitor.m */,
				E50D0DA6238264A200736223 /* UIImageView+ZFCache.h */,
				E50D0DA7238264A200736223 /* ZFPortraitControlView.h */,
				E50D0DA8238264A200736223 /* ZFPlayer.bundle */,
				E50D0DA9238264A200736223 /* UIView+ZFFrame.h */,
				E50D0DAA238264A200736223 /* ZFUtilities.h */,
				E50D0DAB238264A200736223 /* ZFSliderView.m */,
				E50D0DAC238264A200736223 /* ZFPlayerControlView.m */,
				E50D0DAD238264A200736223 /* ZFSmallFloatControlView.m */,
				E50D0DAE238264A200736223 /* ZFLoadingView.m */,
				E50D0DAF238264A200736223 /* ZFSpeedLoadingView.m */,
				E50D0DB0238264A200736223 /* ZFVolumeBrightnessView.h */,
				E50D0DB1238264A200736223 /* ZFPortraitControlView.m */,
				E50D0DB2238264A200736223 /* UIImageView+ZFCache.m */,
				E50D0DB3238264A200736223 /* ZFNetworkSpeedMonitor.h */,
				E50D0DB4238264A200736223 /* ZFLandScapeControlView.h */,
			);
			path = ControlView;
			sourceTree = "<group>";
		};
		E50D0DB5238264A200736223 /* KSYMediaPlayer */ = {
			isa = PBXGroup;
			children = (
				E50D0DB6238264A200736223 /* KSMediaPlayerManager.m */,
				E50D0DB7238264A200736223 /* KSMediaPlayerManager.h */,
			);
			path = KSYMediaPlayer;
			sourceTree = "<group>";
		};
		E50D0DB8238264A200736223 /* Other */ = {
			isa = PBXGroup;
			children = (
				E50D0DB9238264A200736223 /* AppDelegate.h */,
				E50D0DBE238264A200736223 /* AppDelegate.m */,
				E50D0E4323826EBF00736223 /* Main.storyboard */,
				E50D0DBA238264A200736223 /* LaunchScreen.storyboard */,
			);
			path = Other;
			sourceTree = "<group>";
		};
		E50D0DBF238264A200736223 /* TextFont */ = {
			isa = PBXGroup;
			children = (
				E50D0DC0238264A200736223 /* iconfont.ttf */,
			);
			path = TextFont;
			sourceTree = "<group>";
		};
		E50D0DC1238264A200736223 /* TabBar */ = {
			isa = PBXGroup;
			children = (
				E50D0DC2238264A200736223 /* VATabBarController.h */,
				E50D0DC5238264A200736223 /* VATabBarController.m */,
				E50D0DC3238264A200736223 /* VABaseTabBar.h */,
				E50D0DC4238264A200736223 /* VABaseTabBar.m */,
			);
			path = TabBar;
			sourceTree = "<group>";
		};
		E50D0DC6238264A200736223 /* TLUIUtility */ = {
			isa = PBXGroup;
			children = (
				E50D0DC7238264A200736223 /* UIWindow */,
				E50D0DCA238264A200736223 /* TLUIUtility.h */,
				E50D0DCE238264A200736223 /* TLUIUtility.m */,
				E50D0DCB238264A200736223 /* UIAlertView */,
			);
			path = TLUIUtility;
			sourceTree = "<group>";
		};
		E50D0DC7238264A200736223 /* UIWindow */ = {
			isa = PBXGroup;
			children = (
				E50D0DC8238264A200736223 /* UIWindow+Extensions.m */,
				E50D0DC9238264A200736223 /* UIWindow+Extensions.h */,
			);
			path = UIWindow;
			sourceTree = "<group>";
		};
		E50D0DCB238264A200736223 /* UIAlertView */ = {
			isa = PBXGroup;
			children = (
				E50D0DCC238264A200736223 /* UIAlertView+ActionBlocks.h */,
				E50D0DCD238264A200736223 /* UIAlertView+ActionBlocks.m */,
			);
			path = UIAlertView;
			sourceTree = "<group>";
		};
		E50D0DCF238264A200736223 /* ClearCache */ = {
			isa = PBXGroup;
			children = (
				E50D0DD0238264A200736223 /* LZCleanCaches.h */,
				E50D0DD1238264A200736223 /* LZCleanCaches.m */,
			);
			path = ClearCache;
			sourceTree = "<group>";
		};
		E50D0DD2238264A200736223 /* ImageScrollView */ = {
			isa = PBXGroup;
			children = (
				E50D0DD3238264A200736223 /* YSImageScrollView.m */,
				E50D0DD4238264A200736223 /* YSImageScrollView.h */,
			);
			path = ImageScrollView;
			sourceTree = "<group>";
		};
		E50D0DD5238264A200736223 /* Nav */ = {
			isa = PBXGroup;
			children = (
				E50D0DD6238264A200736223 /* VANavViewController.h */,
				E50D0DD7238264A200736223 /* VANavViewController.m */,
			);
			path = Nav;
			sourceTree = "<group>";
		};
		E50D0DD8238264A200736223 /* KeyWord */ = {
			isa = PBXGroup;
			children = (
				E50D0DD9238264A200736223 /* VAIconFont.h */,
				E50D0DDA238264A200736223 /* VAPrefixHeader.pch */,
				E50D0DDB238264A200736223 /* VAKeyWordDefine.h */,
				E50D0DDC238264A200736223 /* VATextColorAndFont.h */,
			);
			path = KeyWord;
			sourceTree = "<group>";
		};
		E50D0DDD238264A200736223 /* Base */ = {
			isa = PBXGroup;
			children = (
				E50D0DDE238264A200736223 /* VABaseViewController.m */,
				E50D0DDF238264A200736223 /* VABaseViewController.h */,
			);
			path = Base;
			sourceTree = "<group>";
		};
		ED27DCD0B9BB611EC5BBB0E0 /* Frameworks */ = {
			isa = PBXGroup;
			children = (
				AA31861388981E3BE6EBAD09 /* libPods-SDArtWorldCloud.a */,
			);
			name = Frameworks;
			sourceTree = "<group>";
		};
/* End PBXGroup section */

/* Begin PBXNativeTarget section */
		E50D0CE92382638700736223 /* SDArtWorldCloud */ = {
			isa = PBXNativeTarget;
			buildConfigurationList = E50D0D192382638900736223 /* Build configuration list for PBXNativeTarget "SDArtWorldCloud" */;
			buildPhases = (
				366A5A05E274ABEAF8D76B40 /* [CP] Check Pods Manifest.lock */,
				E50D0CE62382638700736223 /* Sources */,
				E50D0CE72382638700736223 /* Frameworks */,
				E50D0CE82382638700736223 /* Resources */,
				8E82CA71773BC0637F43A17C /* [CP] Copy Pods Resources */,
			);
			buildRules = (
			);
			dependencies = (
			);
			name = SDArtWorldCloud;
			productName = SDArtWorldCloud;
			productReference = E50D0CEA2382638700736223 /* SDArtWorldCloud.app */;
			productType = "com.apple.product-type.application";
		};
		E50D0D042382638900736223 /* SDArtWorldCloudTests */ = {
			isa = PBXNativeTarget;
			buildConfigurationList = E50D0D1C2382638900736223 /* Build configuration list for PBXNativeTarget "SDArtWorldCloudTests" */;
			buildPhases = (
				E50D0D012382638900736223 /* Sources */,
				E50D0D022382638900736223 /* Frameworks */,
				E50D0D032382638900736223 /* Resources */,
			);
			buildRules = (
			);
			dependencies = (
				E50D0D072382638900736223 /* PBXTargetDependency */,
			);
			name = SDArtWorldCloudTests;
			productName = SDArtWorldCloudTests;
			productReference = E50D0D052382638900736223 /* SDArtWorldCloudTests.xctest */;
			productType = "com.apple.product-type.bundle.unit-test";
		};
		E50D0D0F2382638900736223 /* SDArtWorldCloudUITests */ = {
			isa = PBXNativeTarget;
			buildConfigurationList = E50D0D1F2382638900736223 /* Build configuration list for PBXNativeTarget "SDArtWorldCloudUITests" */;
			buildPhases = (
				E50D0D0C2382638900736223 /* Sources */,
				E50D0D0D2382638900736223 /* Frameworks */,
				E50D0D0E2382638900736223 /* Resources */,
			);
			buildRules = (
			);
			dependencies = (
				E50D0D122382638900736223 /* PBXTargetDependency */,
			);
			name = SDArtWorldCloudUITests;
			productName = SDArtWorldCloudUITests;
			productReference = E50D0D102382638900736223 /* SDArtWorldCloudUITests.xctest */;
			productType = "com.apple.product-type.bundle.ui-testing";
		};
/* End PBXNativeTarget section */

/* Begin PBXProject section */
		E50D0CE22382638700736223 /* Project object */ = {
			isa = PBXProject;
			attributes = {
				CLASSPREFIX = VA;
				LastUpgradeCheck = 1120;
				ORGANIZATIONNAME = Sudo;
				TargetAttributes = {
					E50D0CE92382638700736223 = {
						CreatedOnToolsVersion = 11.2.1;
					};
					E50D0D042382638900736223 = {
						CreatedOnToolsVersion = 11.2.1;
						TestTargetID = E50D0CE92382638700736223;
					};
					E50D0D0F2382638900736223 = {
						CreatedOnToolsVersion = 11.2.1;
						TestTargetID = E50D0CE92382638700736223;
					};
				};
			};
			buildConfigurationList = E50D0CE52382638700736223 /* Build configuration list for PBXProject "SDArtWorldCloud" */;
			compatibilityVersion = "Xcode 9.3";
			developmentRegion = en;
			hasScannedForEncodings = 0;
			knownRegions = (
				en,
				Base,
			);
			mainGroup = E50D0CE12382638700736223;
			productRefGroup = E50D0CEB2382638700736223 /* Products */;
			projectDirPath = "";
			projectRoot = "";
			targets = (
				E50D0CE92382638700736223 /* SDArtWorldCloud */,
				E50D0D042382638900736223 /* SDArtWorldCloudTests */,
				E50D0D0F2382638900736223 /* SDArtWorldCloudUITests */,
			);
		};
/* End PBXProject section */

/* Begin PBXResourcesBuildPhase section */
		E50D0CE82382638700736223 /* Resources */ = {
			isa = PBXResourcesBuildPhase;
			buildActionMask = 2147483647;
			files = (
				E50D0CFA2382638900736223 /* Assets.xcassets in Resources */,
				E50D0E09238264A300736223 /* iconfont.ttf in Resources */,
				E50D0E06238264A300736223 /* LaunchScreen.storyboard in Resources */,
				E50D0E4523826EBF00736223 /* Main.storyboard in Resources */,
				E50D0DFD238264A300736223 /* ZFPlayer.bundle in Resources */,
				E50D0DE2238264A200736223 /* Address.plist in Resources */,
			);
			runOnlyForDeploymentPostprocessing = 0;
		};
		E50D0D032382638900736223 /* Resources */ = {
			isa = PBXResourcesBuildPhase;
			buildActionMask = 2147483647;
			files = (
			);
			runOnlyForDeploymentPostprocessing = 0;
		};
		E50D0D0E2382638900736223 /* Resources */ = {
			isa = PBXResourcesBuildPhase;
			buildActionMask = 2147483647;
			files = (
			);
			runOnlyForDeploymentPostprocessing = 0;
		};
/* End PBXResourcesBuildPhase section */

/* Begin PBXShellScriptBuildPhase section */
		366A5A05E274ABEAF8D76B40 /* [CP] Check Pods Manifest.lock */ = {
			isa = PBXShellScriptBuildPhase;
			buildActionMask = 2147483647;
			files = (
			);
			inputFileListPaths = (
			);
			inputPaths = (
				"${PODS_PODFILE_DIR_PATH}/Podfile.lock",
				"${PODS_ROOT}/Manifest.lock",
			);
			name = "[CP] Check Pods Manifest.lock";
			outputFileListPaths = (
			);
			outputPaths = (
				"$(DERIVED_FILE_DIR)/Pods-SDArtWorldCloud-checkManifestLockResult.txt",
			);
			runOnlyForDeploymentPostprocessing = 0;
			shellPath = /bin/sh;
			shellScript = "diff \"${PODS_PODFILE_DIR_PATH}/Podfile.lock\" \"${PODS_ROOT}/Manifest.lock\" > /dev/null\nif [ $? != 0 ] ; then\n    # print error to STDERR\n    echo \"error: The sandbox is not in sync with the Podfile.lock. Run 'pod install' or update your CocoaPods installation.\" >&2\n    exit 1\nfi\n# This output is used by Xcode 'outputs' to avoid re-running this script phase.\necho \"SUCCESS\" > \"${SCRIPT_OUTPUT_FILE_0}\"\n";
			showEnvVarsInLog = 0;
		};
		8E82CA71773BC0637F43A17C /* [CP] Copy Pods Resources */ = {
			isa = PBXShellScriptBuildPhase;
			buildActionMask = 2147483647;
			files = (
			);
			inputFileListPaths = (
				"${PODS_ROOT}/Target Support Files/Pods-SDArtWorldCloud/Pods-SDArtWorldCloud-resources-${CONFIGURATION}-input-files.xcfilelist",
			);
			name = "[CP] Copy Pods Resources";
			outputFileListPaths = (
				"${PODS_ROOT}/Target Support Files/Pods-SDArtWorldCloud/Pods-SDArtWorldCloud-resources-${CONFIGURATION}-output-files.xcfilelist",
			);
			runOnlyForDeploymentPostprocessing = 0;
			shellPath = /bin/sh;
			shellScript = "\"${PODS_ROOT}/Target Support Files/Pods-SDArtWorldCloud/Pods-SDArtWorldCloud-resources.sh\"\n";
			showEnvVarsInLog = 0;
		};
/* End PBXShellScriptBuildPhase section */

/* Begin PBXSourcesBuildPhase section */
		E50D0CE62382638700736223 /* Sources */ = {
			isa = PBXSourcesBuildPhase;
			buildActionMask = 2147483647;
			files = (
				E50D0D5C2382648100736223 /* VAPlaceholderTextView.m in Sources */,
				E50D0D542382648100736223 /* VAUserFeedBackController.m in Sources */,
				E50D0E01238264A300736223 /* ZFLoadingView.m in Sources */,
				E50D0D5D2382648100736223 /* VALoginController.m in Sources */,
				E50D0E0E238264A300736223 /* TLUIUtility.m in Sources */,
				E50D0DFE238264A300736223 /* ZFSliderView.m in Sources */,
				E50D0DF0238264A300736223 /* ZFPlayerNotification.m in Sources */,
				E50D0DFF238264A300736223 /* ZFPlayerControlView.m in Sources */,
				E50D0E0D238264A300736223 /* UIAlertView+ActionBlocks.m in Sources */,
				E50D0D572382648100736223 /* VAUserInfoCell.m in Sources */,
				E50D0DF3238264A300736223 /* ZFKVOController.m in Sources */,
				E50D0D4F2382648100736223 /* VACourseDetailController.m in Sources */,
				E50D0D582382648100736223 /* VAPhotoCollectionViewCell.m in Sources */,
				E50D0E0B238264A300736223 /* VATabBarController.m in Sources */,
				E50D0D562382648100736223 /* VAUserInfoModel.m in Sources */,
				E50D0DE0238264A200736223 /* LQPickerView.m in Sources */,
				E50D0D512382648100736223 /* VACourseCell.m in Sources */,
				E50D0D552382648100736223 /* VAMyCenterController.m in Sources */,
				E50D0DEF238264A200736223 /* UIScrollView+ZFPlayer.m in Sources */,
				E50D0DF2238264A300736223 /* ZFPlayerView.m in Sources */,
				E50D0DF6238264A300736223 /* ZFIJKPlayerManager.m in Sources */,
				E50D0DED238264A200736223 /* ZFOrientationObserver.m in Sources */,
				E50D0DEB238264A200736223 /* ZFPlayerGestureControl.m in Sources */,
				E50D0DE9238264A200736223 /* VASystemDeviceInfo.m in Sources */,
				E50D0DF1238264A300736223 /* ZFFloatView.m in Sources */,
				E50D0DFA238264A300736223 /* ZFVolumeBrightnessView.m in Sources */,
				E50D0DF5238264A300736223 /* UIViewController+ZFPlayerRotation.m in Sources */,
				E50D0E02238264A300736223 /* ZFSpeedLoadingView.m in Sources */,
				E50D0DF4238264A300736223 /* ZFReachabilityManager.m in Sources */,
				E50D0D502382648100736223 /* VACourseController.m in Sources */,
				E50D0E05238264A300736223 /* KSMediaPlayerManager.m in Sources */,
				E50D0DEA238264A200736223 /* SystemInfo.m in Sources */,
				E50D0D592382648100736223 /* VAFocusTableCell.m in Sources */,
				E50D0DF8238264A300736223 /* ZFUtilities.m in Sources */,
				E50D0D5A2382648100736223 /* VAMyTableHeaderView.m in Sources */,
				E50D0D002382638900736223 /* main.m in Sources */,
				E50D0DF7238264A300736223 /* ZFAVPlayerManager.m in Sources */,
				E50D0E00238264A300736223 /* ZFSmallFloatControlView.m in Sources */,
				E50D0DFC238264A300736223 /* ZFNetworkSpeedMonitor.m in Sources */,
				E50D0E10238264A300736223 /* YSImageScrollView.m in Sources */,
				E50D0E0C238264A300736223 /* UIWindow+Extensions.m in Sources */,
				E50D0DEE238264A200736223 /* ZFPlayerLogManager.m in Sources */,
				E50D0DFB238264A300736223 /* ZFLandScapeControlView.m in Sources */,
				E50D0E08238264A300736223 /* AppDelegate.m in Sources */,
				E50D0E0A238264A300736223 /* VABaseTabBar.m in Sources */,
				E50D0DF9238264A300736223 /* UIView+ZFFrame.m in Sources */,
				E50D0D522382648100736223 /* VAFocusController.m in Sources */,
				E50D0DEC238264A200736223 /* ZFPlayerController.m in Sources */,
				E50D0DE1238264A200736223 /* LQCityPicker.m in Sources */,
				E50D0E04238264A300736223 /* UIImageView+ZFCache.m in Sources */,
				E50D0E0F238264A300736223 /* LZCleanCaches.m in Sources */,
				E50D0D532382648100736223 /* VAUserInfoController.m in Sources */,
				E50D0E12238264A300736223 /* VABaseViewController.m in Sources */,
				E50D0D5B2382648100736223 /* VAPredicateMethod.m in Sources */,
				E50D0E11238264A300736223 /* VANavViewController.m in Sources */,
				E50D0E03238264A300736223 /* ZFPortraitControlView.m in Sources */,
			);
			runOnlyForDeploymentPostprocessing = 0;
		};
		E50D0D012382638900736223 /* Sources */ = {
			isa = PBXSourcesBuildPhase;
			buildActionMask = 2147483647;
			files = (
			);
			runOnlyForDeploymentPostprocessing = 0;
		};
		E50D0D0C2382638900736223 /* Sources */ = {
			isa = PBXSourcesBuildPhase;
			buildActionMask = 2147483647;
			files = (
			);
			runOnlyForDeploymentPostprocessing = 0;
		};
/* End PBXSourcesBuildPhase section */

/* Begin PBXTargetDependency section */
		E50D0D072382638900736223 /* PBXTargetDependency */ = {
			isa = PBXTargetDependency;
			target = E50D0CE92382638700736223 /* SDArtWorldCloud */;
			targetProxy = E50D0D062382638900736223 /* PBXContainerItemProxy */;
		};
		E50D0D122382638900736223 /* PBXTargetDependency */ = {
			isa = PBXTargetDependency;
			target = E50D0CE92382638700736223 /* SDArtWorldCloud */;
			targetProxy = E50D0D112382638900736223 /* PBXContainerItemProxy */;
		};
/* End PBXTargetDependency section */

/* Begin PBXVariantGroup section */
		E50D0DBA238264A200736223 /* LaunchScreen.storyboard */ = {
			isa = PBXVariantGroup;
			children = (
				E50D0DBB238264A200736223 /* Base */,
			);
			name = LaunchScreen.storyboard;
			sourceTree = "<group>";
		};
		E50D0E4323826EBF00736223 /* Main.storyboard */ = {
			isa = PBXVariantGroup;
			children = (
				E50D0E4423826EBF00736223 /* Base */,
			);
			name = Main.storyboard;
			sourceTree = "<group>";
		};
/* End PBXVariantGroup section */

/* Begin XCBuildConfiguration section */
		E50D0D172382638900736223 /* Debug */ = {
			isa = XCBuildConfiguration;
			buildSettings = {
				ALWAYS_SEARCH_USER_PATHS = NO;
				CLANG_ANALYZER_NONNULL = YES;
				CLANG_ANALYZER_NUMBER_OBJECT_CONVERSION = YES_AGGRESSIVE;
				CLANG_CXX_LANGUAGE_STANDARD = "gnu++14";
				CLANG_CXX_LIBRARY = "libc++";
				CLANG_ENABLE_MODULES = YES;
				CLANG_ENABLE_OBJC_ARC = YES;
				CLANG_ENABLE_OBJC_WEAK = YES;
				CLANG_WARN_BLOCK_CAPTURE_AUTORELEASING = YES;
				CLANG_WARN_BOOL_CONVERSION = YES;
				CLANG_WARN_COMMA = YES;
				CLANG_WARN_CONSTANT_CONVERSION = YES;
				CLANG_WARN_DEPRECATED_OBJC_IMPLEMENTATIONS = YES;
				CLANG_WARN_DIRECT_OBJC_ISA_USAGE = YES_ERROR;
				CLANG_WARN_DOCUMENTATION_COMMENTS = YES;
				CLANG_WARN_EMPTY_BODY = YES;
				CLANG_WARN_ENUM_CONVERSION = YES;
				CLANG_WARN_INFINITE_RECURSION = YES;
				CLANG_WARN_INT_CONVERSION = YES;
				CLANG_WARN_NON_LITERAL_NULL_CONVERSION = YES;
				CLANG_WARN_OBJC_IMPLICIT_RETAIN_SELF = YES;
				CLANG_WARN_OBJC_LITERAL_CONVERSION = YES;
				CLANG_WARN_OBJC_ROOT_CLASS = YES_ERROR;
				CLANG_WARN_RANGE_LOOP_ANALYSIS = YES;
				CLANG_WARN_STRICT_PROTOTYPES = YES;
				CLANG_WARN_SUSPICIOUS_MOVE = YES;
				CLANG_WARN_UNGUARDED_AVAILABILITY = YES_AGGRESSIVE;
				CLANG_WARN_UNREACHABLE_CODE = YES;
				CLANG_WARN__DUPLICATE_METHOD_MATCH = YES;
				COPY_PHASE_STRIP = NO;
				DEBUG_INFORMATION_FORMAT = dwarf;
				ENABLE_STRICT_OBJC_MSGSEND = YES;
				ENABLE_TESTABILITY = YES;
				GCC_C_LANGUAGE_STANDARD = gnu11;
				GCC_DYNAMIC_NO_PIC = NO;
				GCC_NO_COMMON_BLOCKS = YES;
				GCC_OPTIMIZATION_LEVEL = 0;
				GCC_PREPROCESSOR_DEFINITIONS = (
					"DEBUG=1",
					"$(inherited)",
				);
				GCC_WARN_64_TO_32_BIT_CONVERSION = YES;
				GCC_WARN_ABOUT_RETURN_TYPE = YES_ERROR;
				GCC_WARN_UNDECLARED_SELECTOR = YES;
				GCC_WARN_UNINITIALIZED_AUTOS = YES_AGGRESSIVE;
				GCC_WARN_UNUSED_FUNCTION = YES;
				GCC_WARN_UNUSED_VARIABLE = YES;
				IPHONEOS_DEPLOYMENT_TARGET = 13.2;
				MTL_ENABLE_DEBUG_INFO = INCLUDE_SOURCE;
				MTL_FAST_MATH = YES;
				ONLY_ACTIVE_ARCH = YES;
				SDKROOT = iphoneos;
			};
			name = Debug;
		};
		E50D0D182382638900736223 /* Release */ = {
			isa = XCBuildConfiguration;
			buildSettings = {
				ALWAYS_SEARCH_USER_PATHS = NO;
				CLANG_ANALYZER_NONNULL = YES;
				CLANG_ANALYZER_NUMBER_OBJECT_CONVERSION = YES_AGGRESSIVE;
				CLANG_CXX_LANGUAGE_STANDARD = "gnu++14";
				CLANG_CXX_LIBRARY = "libc++";
				CLANG_ENABLE_MODULES = YES;
				CLANG_ENABLE_OBJC_ARC = YES;
				CLANG_ENABLE_OBJC_WEAK = YES;
				CLANG_WARN_BLOCK_CAPTURE_AUTORELEASING = YES;
				CLANG_WARN_BOOL_CONVERSION = YES;
				CLANG_WARN_COMMA = YES;
				CLANG_WARN_CONSTANT_CONVERSION = YES;
				CLANG_WARN_DEPRECATED_OBJC_IMPLEMENTATIONS = YES;
				CLANG_WARN_DIRECT_OBJC_ISA_USAGE = YES_ERROR;
				CLANG_WARN_DOCUMENTATION_COMMENTS = YES;
				CLANG_WARN_EMPTY_BODY = YES;
				CLANG_WARN_ENUM_CONVERSION = YES;
				CLANG_WARN_INFINITE_RECURSION = YES;
				CLANG_WARN_INT_CONVERSION = YES;
				CLANG_WARN_NON_LITERAL_NULL_CONVERSION = YES;
				CLANG_WARN_OBJC_IMPLICIT_RETAIN_SELF = YES;
				CLANG_WARN_OBJC_LITERAL_CONVERSION = YES;
				CLANG_WARN_OBJC_ROOT_CLASS = YES_ERROR;
				CLANG_WARN_RANGE_LOOP_ANALYSIS = YES;
				CLANG_WARN_STRICT_PROTOTYPES = YES;
				CLANG_WARN_SUSPICIOUS_MOVE = YES;
				CLANG_WARN_UNGUARDED_AVAILABILITY = YES_AGGRESSIVE;
				CLANG_WARN_UNREACHABLE_CODE = YES;
				CLANG_WARN__DUPLICATE_METHOD_MATCH = YES;
				COPY_PHASE_STRIP = NO;
				DEBUG_INFORMATION_FORMAT = "dwarf-with-dsym";
				ENABLE_NS_ASSERTIONS = NO;
				ENABLE_STRICT_OBJC_MSGSEND = YES;
				GCC_C_LANGUAGE_STANDARD = gnu11;
				GCC_NO_COMMON_BLOCKS = YES;
				GCC_WARN_64_TO_32_BIT_CONVERSION = YES;
				GCC_WARN_ABOUT_RETURN_TYPE = YES_ERROR;
				GCC_WARN_UNDECLARED_SELECTOR = YES;
				GCC_WARN_UNINITIALIZED_AUTOS = YES_AGGRESSIVE;
				GCC_WARN_UNUSED_FUNCTION = YES;
				GCC_WARN_UNUSED_VARIABLE = YES;
				IPHONEOS_DEPLOYMENT_TARGET = 13.2;
				MTL_ENABLE_DEBUG_INFO = NO;
				MTL_FAST_MATH = YES;
				SDKROOT = iphoneos;
				VALIDATE_PRODUCT = YES;
			};
			name = Release;
		};
		E50D0D1A2382638900736223 /* Debug */ = {
			isa = XCBuildConfiguration;
			baseConfigurationReference = 501C2C4AB7808B461432EE4B /* Pods-SDArtWorldCloud.debug.xcconfig */;
			buildSettings = {
				ASSETCATALOG_COMPILER_APPICON_NAME = AppIcon;
				CODE_SIGN_STYLE = Automatic;
				GCC_PREFIX_HEADER = SDArtWorldCloud/Others/KeyWord/VAPrefixHeader.pch;
				INFOPLIST_FILE = SDArtWorldCloud/Info.plist;
				LD_RUNPATH_SEARCH_PATHS = (
					"$(inherited)",
					"@executable_path/Frameworks",
				);
				PRODUCT_BUNDLE_IDENTIFIER = com.Sudo.SDArtWorldCloud;
				PRODUCT_NAME = "$(TARGET_NAME)";
				TARGETED_DEVICE_FAMILY = "1,2";
				WARNING_CFLAGS = (
					"-Wno-implicit-retain-self",
					"-Wno-strict-prototypes",
					"-Wno-missing-noescape",
					"-Wno-strict-prototypes",
					"-Wno-missing-noescape",
					"-Wno-deprecated-declarations",
				);
			};
			name = Debug;
		};
		E50D0D1B2382638900736223 /* Release */ = {
			isa = XCBuildConfiguration;
			baseConfigurationReference = 400072171A39A4B4B407D1CB /* Pods-SDArtWorldCloud.release.xcconfig */;
			buildSettings = {
				ASSETCATALOG_COMPILER_APPICON_NAME = AppIcon;
				CODE_SIGN_STYLE = Automatic;
				GCC_PREFIX_HEADER = SDArtWorldCloud/Others/KeyWord/VAPrefixHeader.pch;
				INFOPLIST_FILE = SDArtWorldCloud/Info.plist;
				LD_RUNPATH_SEARCH_PATHS = (
					"$(inherited)",
					"@executable_path/Frameworks",
				);
				PRODUCT_BUNDLE_IDENTIFIER = com.Sudo.SDArtWorldCloud;
				PRODUCT_NAME = "$(TARGET_NAME)";
				TARGETED_DEVICE_FAMILY = "1,2";
				WARNING_CFLAGS = (
					"-Wno-implicit-retain-self",
					"-Wno-strict-prototypes",
					"-Wno-missing-noescape",
					"-Wno-strict-prototypes",
					"-Wno-missing-noescape",
					"-Wno-deprecated-declarations",
				);
			};
			name = Release;
		};
		E50D0D1D2382638900736223 /* Debug */ = {
			isa = XCBuildConfiguration;
			buildSettings = {
				BUNDLE_LOADER = "$(TEST_HOST)";
				CODE_SIGN_STYLE = Automatic;
				INFOPLIST_FILE = SDArtWorldCloudTests/Info.plist;
				IPHONEOS_DEPLOYMENT_TARGET = 13.2;
				LD_RUNPATH_SEARCH_PATHS = (
					"$(inherited)",
					"@executable_path/Frameworks",
					"@loader_path/Frameworks",
				);
				PRODUCT_BUNDLE_IDENTIFIER = com.Sudo.SDArtWorldCloudTests;
				PRODUCT_NAME = "$(TARGET_NAME)";
				TARGETED_DEVICE_FAMILY = "1,2";
				TEST_HOST = "$(BUILT_PRODUCTS_DIR)/SDArtWorldCloud.app/SDArtWorldCloud";
			};
			name = Debug;
		};
		E50D0D1E2382638900736223 /* Release */ = {
			isa = XCBuildConfiguration;
			buildSettings = {
				BUNDLE_LOADER = "$(TEST_HOST)";
				CODE_SIGN_STYLE = Automatic;
				INFOPLIST_FILE = SDArtWorldCloudTests/Info.plist;
				IPHONEOS_DEPLOYMENT_TARGET = 13.2;
				LD_RUNPATH_SEARCH_PATHS = (
					"$(inherited)",
					"@executable_path/Frameworks",
					"@loader_path/Frameworks",
				);
				PRODUCT_BUNDLE_IDENTIFIER = com.Sudo.SDArtWorldCloudTests;
				PRODUCT_NAME = "$(TARGET_NAME)";
				TARGETED_DEVICE_FAMILY = "1,2";
				TEST_HOST = "$(BUILT_PRODUCTS_DIR)/SDArtWorldCloud.app/SDArtWorldCloud";
			};
			name = Release;
		};
		E50D0D202382638900736223 /* Debug */ = {
			isa = XCBuildConfiguration;
			buildSettings = {
				CODE_SIGN_STYLE = Automatic;
				INFOPLIST_FILE = SDArtWorldCloudUITests/Info.plist;
				LD_RUNPATH_SEARCH_PATHS = (
					"$(inherited)",
					"@executable_path/Frameworks",
					"@loader_path/Frameworks",
				);
				PRODUCT_BUNDLE_IDENTIFIER = com.Sudo.SDArtWorldCloudUITests;
				PRODUCT_NAME = "$(TARGET_NAME)";
				TARGETED_DEVICE_FAMILY = "1,2";
				TEST_TARGET_NAME = SDArtWorldCloud;
			};
			name = Debug;
		};
		E50D0D212382638900736223 /* Release */ = {
			isa = XCBuildConfiguration;
			buildSettings = {
				CODE_SIGN_STYLE = Automatic;
				INFOPLIST_FILE = SDArtWorldCloudUITests/Info.plist;
				LD_RUNPATH_SEARCH_PATHS = (
					"$(inherited)",
					"@executable_path/Frameworks",
					"@loader_path/Frameworks",
				);
				PRODUCT_BUNDLE_IDENTIFIER = com.Sudo.SDArtWorldCloudUITests;
				PRODUCT_NAME = "$(TARGET_NAME)";
				TARGETED_DEVICE_FAMILY = "1,2";
				TEST_TARGET_NAME = SDArtWorldCloud;
			};
			name = Release;
		};
/* End XCBuildConfiguration section */

/* Begin XCConfigurationList section */
		E50D0CE52382638700736223 /* Build configuration list for PBXProject "SDArtWorldCloud" */ = {
			isa = XCConfigurationList;
			buildConfigurations = (
				E50D0D172382638900736223 /* Debug */,
				E50D0D182382638900736223 /* Release */,
			);
			defaultConfigurationIsVisible = 0;
			defaultConfigurationName = Release;
		};
		E50D0D192382638900736223 /* Build configuration list for PBXNativeTarget "SDArtWorldCloud" */ = {
			isa = XCConfigurationList;
			buildConfigurations = (
				E50D0D1A2382638900736223 /* Debug */,
				E50D0D1B2382638900736223 /* Release */,
			);
			defaultConfigurationIsVisible = 0;
			defaultConfigurationName = Release;
		};
		E50D0D1C2382638900736223 /* Build configuration list for PBXNativeTarget "SDArtWorldCloudTests" */ = {
			isa = XCConfigurationList;
			buildConfigurations = (
				E50D0D1D2382638900736223 /* Debug */,
				E50D0D1E2382638900736223 /* Release */,
			);
			defaultConfigurationIsVisible = 0;
			defaultConfigurationName = Release;
		};
		E50D0D1F2382638900736223 /* Build configuration list for PBXNativeTarget "SDArtWorldCloudUITests" */ = {
			isa = XCConfigurationList;
			buildConfigurations = (
				E50D0D202382638900736223 /* Debug */,
				E50D0D212382638900736223 /* Release */,
			);
			defaultConfigurationIsVisible = 0;
			defaultConfigurationName = Release;
		};
/* End XCConfigurationList section */
	};
	rootObject = E50D0CE22382638700736223 /* Project object */;
}
